
Microsoft Visual Studio Solution File, Format Version 12.00
# Visual Studio 15
VisualStudioVersion = 15.0.28307.902
MinimumVisualStudioVersion = 10.0.40219.1
Project("{FAE04EC0-301F-11D3-BF4B-00C04F79EFBC}") = "BillDataStruct", "BillDataStruct\BillDataStruct.csproj", "{9D117DBE-865D-432C-B3C2-6FA58318F2E9}"
EndProject
Project("{FAE04EC0-301F-11D3-BF4B-00C04F79EFBC}") = "BillAccessor", "BillAccessor\BillAccessor.csproj", "{02EAAAA9-AF5F-40DF-B296-AE4967ED2B81}"
EndProject
Global
	GlobalSection(SolutionConfigurationPlatforms) = preSolution
		Debug|Any CPU = Debug|Any CPU
		Release|Any CPU = Release|Any CPU
	EndGlobalSection
	GlobalSection(ProjectConfigurationPlatforms) = postSolution
		{9D117DBE-865D-432C-B3C2-6FA58318F2E9}.Debug|Any CPU.ActiveCfg = Debug|Any CPU
		{9D117DBE-865D-432C-B3C2-6FA58318F2E9}.Debug|Any CPU.Build.0 = Debug|Any CPU
		{9D117DBE-865D-432C-B3C2-6FA58318F2E9}.Release|Any CPU.ActiveCfg = Release|Any CPU
		{9D117DBE-865D-432C-B3C2-6FA58318F2E9}.Release|Any CPU.Build.0 = Release|Any CPU
		{02EAAAA9-AF5F-40DF-B296-AE4967ED2B81}.Debug|Any CPU.ActiveCfg = Debug|Any CPU
		{02EAAAA9-AF5F-40DF-B296-AE4967ED2B81}.Debug|Any CPU.Build.0 = Debug|Any CPU
		{02EAAAA9-AF5F-40DF-B296-AE4967ED2B81}.Release|Any CPU.ActiveCfg = Release|Any CPU
		{02EAAAA9-AF5F-40DF-B296-AE4967ED2B81}.Release|Any CPU.Build.0 = Release|Any CPU
	EndGlobalSection
	GlobalSection(SolutionProperties) = preSolution
		HideSolutionNode = FALSE
	EndGlobalSection
	GlobalSection(ExtensibilityGlobals) = postSolution
		SolutionGuid = {87C623A5-825B-4559-B668-42820CE5566F}
	EndGlobalSection
EndGlobal
